{
  "originHash" : "1b29cb3d4ff724c9d9cf317c3f9965b5e5021f8ced1e7306e2ce52b454c0ded8",
  "pins" : [
    {
      "identity" : "alamofire",
      "kind" : "remoteSourceControl",
      "location" : "https://github.com/Alamofire/Alamofire",
      "state" : {
        "revision" : "f455c2975872ccd2d9c81594c658af65716e9b9a",
        "version" : "5.9.1"
      }
    },
    {
      "identity" : "corexlsx",
      "kind" : "remoteSourceControl",
      "location" : "https://github.com/CoreOffice/CoreXLSX.git",
      "state" : {
        "revision" : "1391f3832ea2eeee5186ea8abb81ea49ed0609cc",
        "version" : "0.14.2"
      }
    },
    {
      "identity" : "countrypicker",
      "kind" : "remoteSourceControl",
      "location" : "https://github.com/mobven/CountryPicker.git",
      "state" : {
        "revision" : "6225c2933fea6abdb8171718b22bbe289706a7aa",
        "version" : "2.0.3"
      }
    },
    {
      "identity" : "devicekit",
      "kind" : "remoteSourceControl",
      "location" : "https://github.com/devicekit/DeviceKit.git",
      "state" : {
        "revision" : "5757447e9f92c476ee2ca41ead7eb6db07936430",
        "version" : "5.4.0"
      }
    },
    {
      "identity" : "iqkeyboardmanager",
      "kind" : "remoteSourceControl",
      "location" : "https://github.com/hackiftekhar/IQKeyboardManager.git",
      "state" : {
        "revision" : "fa9b2bac94b3fabe2d6ca7c74b269d4e8c355111",
        "version" : "7.1.1"
      }
    },
    {
      "identity" : "kingfisher",
      "kind" : "remoteSourceControl",
      "location" : "https://github.com/onevcat/Kingfisher.git",
      "state" : {
        "revision" : "2ef543ee21d63734e1c004ad6c870255e8716c50",
        "version" : "7.12.0"
      }
    },
    {
      "identity" : "localize-swift",
      "kind" : "remoteSourceControl",
      "location" : "https://github.com/marmelroy/Localize-Swift.git",
      "state" : {
        "revision" : "0aa221fed0512772eaad04171d966b8d77b15212",
        "version" : "3.2.0"
      }
    },
    {
      "identity" : "lottie-ios",
      "kind" : "remoteSourceControl",
      "location" : "https://github.com/airbnb/lottie-ios.git",
      "state" : {
        "revision" : "fe4c6fe3a0aa66cdeb51d549623c82ca9704b9a5",
        "version" : "4.5.0"
      }
    },
    {
      "identity" : "phonenumberkit",
      "kind" : "remoteSourceControl",
      "location" : "https://github.com/marmelroy/PhoneNumberKit",
      "state" : {
        "revision" : "c107075aa8d394be7aced273a46e944afe8b321b",
        "version" : "3.8.0"
      }
    },
    {
      "identity" : "release5_9",
      "kind" : "remoteSourceControl",
      "location" : "https://bitbucket.org/mustafa_merza/emlecore-ios/src/release5_9/",
      "state" : {
        "branch" : "release5_9",
        "revision" : "5f68235b4ea0710dd054bdfc90f693d901ffec00"
      }
    },
    {
      "identity" : "shimmerview",
      "kind" : "remoteSourceControl",
      "location" : "https://github.com/mercari/ShimmerView.git",
      "state" : {
        "revision" : "f34a268db28b49231ea236dafcd976507cef9dfd",
        "version" : "0.5.1"
      }
    },
    {
      "identity" : "swiftui-introspect",
      "kind" : "remoteSourceControl",
      "location" : "https://github.com/siteline/SwiftUI-Introspect.git",
      "state" : {
        "revision" : "807f73ce09a9b9723f12385e592b4e0aaebd3336",
        "version" : "1.3.0"
      }
    },
    {
      "identity" : "xmlcoder",
      "kind" : "remoteSourceControl",
      "location" : "https://github.com/maxdesiatov/XMLCoder.git",
      "state" : {
        "revision" : "ca932442d7481700f5434a7b138c47dd42d9902b",
        "version" : "0.14.0"
      }
    },
    {
      "identity" : "zipfoundation",
      "kind" : "remoteSourceControl",
      "location" : "https://github.com/weichsel/ZIPFoundation.git",
      "state" : {
        "revision" : "02b6abe5f6eef7e3cbd5f247c5cc24e246efcfe0",
        "version" : "0.9.19"
      }
    }
  ],
  "version" : 3
}
